// !$*UTF8*$!
{
	archiveVersion = 1;
	classes = {
	};
	objectVersion = 70;
	objects = {

/* Begin PBXBuildFile section */
		AE1270C02C9889DC00E48262 /* Color+Extensions.swift in Sources */ = {isa = PBXBuildFile; fileRef = AE1270BF2C9889DC00E48262 /* Color+Extensions.swift */; };
		AE1270C42C9892D700E48262 /* SplashScreenView.swift in Sources */ = {isa = PBXBuildFile; fileRef = AE1270C32C9892D700E48262 /* SplashScreenView.swift */; };
		AE1270CE2C98985400E48262 /* Allura-Regular.ttf in Resources */ = {isa = PBXBuildFile; fileRef = AE1270CD2C98985400E48262 /* Allura-Regular.ttf */; };
		AE1270D02C989C2600E48262 /* Outfit-VariableFont_wght.ttf in Resources */ = {isa = PBXBuildFile; fileRef = AE1270CF2C989C2500E48262 /* Outfit-VariableFont_wght.ttf */; };
		AE36CADA2C88AB9C0038E4D5 /* ApplicantDetailViewModel.swift in Sources */ = {isa = PBXBuildFile; fileRef = AE36CAD92C88AB9C0038E4D5 /* ApplicantDetailViewModel.swift */; };
		AE36CB042C89DDAF0038E4D5 /* VitesseModels.framework in Frameworks */ = {isa = PBXBuildFile; fileRef = AE36CB032C89DDAF0038E4D5 /* VitesseModels.framework */; };
		AE36CB052C89DDAF0038E4D5 /* VitesseModels.framework in Embed Frameworks */ = {isa = PBXBuildFile; fileRef = AE36CB032C89DDAF0038E4D5 /* VitesseModels.framework */; settings = {ATTRIBUTES = (CodeSignOnCopy, RemoveHeadersOnCopy, ); }; };
		AE36CB2C2C89E25E0038E4D5 /* VitesseNetworking.framework in Frameworks */ = {isa = PBXBuildFile; fileRef = AE36CB2B2C89E25E0038E4D5 /* VitesseNetworking.framework */; };
		AE36CB2D2C89E25E0038E4D5 /* VitesseNetworking.framework in Embed Frameworks */ = {isa = PBXBuildFile; fileRef = AE36CB2B2C89E25E0038E4D5 /* VitesseNetworking.framework */; settings = {ATTRIBUTES = (CodeSignOnCopy, RemoveHeadersOnCopy, ); }; };
		AE50F5D82C738F6300C67C4A /* VitesseApp.swift in Sources */ = {isa = PBXBuildFile; fileRef = AE50F5D72C738F6300C67C4A /* VitesseApp.swift */; };
		AE50F5DC2C738F6500C67C4A /* Assets.xcassets in Resources */ = {isa = PBXBuildFile; fileRef = AE50F5DB2C738F6500C67C4A /* Assets.xcassets */; };
		AE50F5DF2C738F6500C67C4A /* Preview Assets.xcassets in Resources */ = {isa = PBXBuildFile; fileRef = AE50F5DE2C738F6500C67C4A /* Preview Assets.xcassets */; };
		AE50F5EB2C73913600C67C4A /* LoginView.swift in Sources */ = {isa = PBXBuildFile; fileRef = AE50F5EA2C73913600C67C4A /* LoginView.swift */; };
		AE50F5ED2C7391C900C67C4A /* LoginViewModel.swift in Sources */ = {isa = PBXBuildFile; fileRef = AE50F5EC2C7391C900C67C4A /* LoginViewModel.swift */; };
		AE50F5F12C73B8B200C67C4A /* RegisterView.swift in Sources */ = {isa = PBXBuildFile; fileRef = AE50F5F02C73B8B200C67C4A /* RegisterView.swift */; };
		AE50F5F32C73B8F400C67C4A /* RegisterViewModel.swift in Sources */ = {isa = PBXBuildFile; fileRef = AE50F5F22C73B8F400C67C4A /* RegisterViewModel.swift */; };
		AE7B603E2C85EBF100D17519 /* ApplicantDetailView.swift in Sources */ = {isa = PBXBuildFile; fileRef = AE7B603D2C85EBF100D17519 /* ApplicantDetailView.swift */; };
		AE7B60402C85EE9400D17519 /* isFavoriteView.swift in Sources */ = {isa = PBXBuildFile; fileRef = AE7B603F2C85EE9400D17519 /* isFavoriteView.swift */; };
		AE7B60432C85F46600D17519 /* ApplicantListRowView.swift in Sources */ = {isa = PBXBuildFile; fileRef = AE7B60422C85F46600D17519 /* ApplicantListRowView.swift */; };
		AEDF44FA2C7CCF2800435314 /* ApplicantListView.swift in Sources */ = {isa = PBXBuildFile; fileRef = AEDF44F92C7CCF2800435314 /* ApplicantListView.swift */; };
		AEDF44FC2C7CCF3E00435314 /* ApplicantListViewModel.swift in Sources */ = {isa = PBXBuildFile; fileRef = AEDF44FB2C7CCF3E00435314 /* ApplicantListViewModel.swift */; };
/* End PBXBuildFile section */

/* Begin PBXContainerItemProxy section */
		AE1A48F72C9B0F9000E55FFC /* PBXContainerItemProxy */ = {
			isa = PBXContainerItemProxy;
			containerPortal = AE50F5CC2C738F6300C67C4A /* Project object */;
			proxyType = 1;
			remoteGlobalIDString = AE50F5D32C738F6300C67C4A;
			remoteInfo = Vitesse;
		};
/* End PBXContainerItemProxy section */

/* Begin PBXCopyFilesBuildPhase section */
		AE36CB062C89DDAF0038E4D5 /* Embed Frameworks */ = {
			isa = PBXCopyFilesBuildPhase;
			buildActionMask = 2147483647;
			dstPath = "";
			dstSubfolderSpec = 10;
			files = (
				AE36CB2D2C89E25E0038E4D5 /* VitesseNetworking.framework in Embed Frameworks */,
				AE36CB052C89DDAF0038E4D5 /* VitesseModels.framework in Embed Frameworks */,
			);
			name = "Embed Frameworks";
			runOnlyForDeploymentPostprocessing = 0;
		};
/* End PBXCopyFilesBuildPhase section */

/* Begin PBXFileReference section */
		AE1270BF2C9889DC00E48262 /* Color+Extensions.swift */ = {isa = PBXFileReference; lastKnownFileType = sourcecode.swift; path = "Color+Extensions.swift"; sourceTree = "<group>"; };
		AE1270C32C9892D700E48262 /* SplashScreenView.swift */ = {isa = PBXFileReference; lastKnownFileType = sourcecode.swift; path = SplashScreenView.swift; sourceTree = "<group>"; };
		AE1270C82C9894A800E48262 /* Vitesse-Info.plist */ = {isa = PBXFileReference; lastKnownFileType = text.plist.xml; path = "Vitesse-Info.plist"; sourceTree = "<group>"; };
		AE1270CD2C98985400E48262 /* Allura-Regular.ttf */ = {isa = PBXFileReference; lastKnownFileType = file; path = "Allura-Regular.ttf"; sourceTree = "<group>"; };
		AE1270CF2C989C2500E48262 /* Outfit-VariableFont_wght.ttf */ = {isa = PBXFileReference; lastKnownFileType = file; path = "Outfit-VariableFont_wght.ttf"; sourceTree = "<group>"; };
		AE1A48F32C9B0F9000E55FFC /* VitesseTests.xctest */ = {isa = PBXFileReference; explicitFileType = wrapper.cfbundle; includeInIndex = 0; path = VitesseTests.xctest; sourceTree = BUILT_PRODUCTS_DIR; };
		AE36CAD92C88AB9C0038E4D5 /* ApplicantDetailViewModel.swift */ = {isa = PBXFileReference; lastKnownFileType = sourcecode.swift; path = ApplicantDetailViewModel.swift; sourceTree = "<group>"; };
		AE36CB032C89DDAF0038E4D5 /* VitesseModels.framework */ = {isa = PBXFileReference; explicitFileType = wrapper.framework; path = VitesseModels.framework; sourceTree = BUILT_PRODUCTS_DIR; };
		AE36CB2B2C89E25E0038E4D5 /* VitesseNetworking.framework */ = {isa = PBXFileReference; explicitFileType = wrapper.framework; path = VitesseNetworking.framework; sourceTree = BUILT_PRODUCTS_DIR; };
		AE50F5D42C738F6300C67C4A /* Vitesse.app */ = {isa = PBXFileReference; explicitFileType = wrapper.application; includeInIndex = 0; path = Vitesse.app; sourceTree = BUILT_PRODUCTS_DIR; };
		AE50F5D72C738F6300C67C4A /* VitesseApp.swift */ = {isa = PBXFileReference; lastKnownFileType = sourcecode.swift; path = VitesseApp.swift; sourceTree = "<group>"; };
		AE50F5DB2C738F6500C67C4A /* Assets.xcassets */ = {isa = PBXFileReference; lastKnownFileType = folder.assetcatalog; path = Assets.xcassets; sourceTree = "<group>"; };
		AE50F5DE2C738F6500C67C4A /* Preview Assets.xcassets */ = {isa = PBXFileReference; lastKnownFileType = folder.assetcatalog; path = "Preview Assets.xcassets"; sourceTree = "<group>"; };
		AE50F5EA2C73913600C67C4A /* LoginView.swift */ = {isa = PBXFileReference; lastKnownFileType = sourcecode.swift; path = LoginView.swift; sourceTree = "<group>"; };
		AE50F5EC2C7391C900C67C4A /* LoginViewModel.swift */ = {isa = PBXFileReference; lastKnownFileType = sourcecode.swift; path = LoginViewModel.swift; sourceTree = "<group>"; };
		AE50F5F02C73B8B200C67C4A /* RegisterView.swift */ = {isa = PBXFileReference; lastKnownFileType = sourcecode.swift; path = RegisterView.swift; sourceTree = "<group>"; };
		AE50F5F22C73B8F400C67C4A /* RegisterViewModel.swift */ = {isa = PBXFileReference; lastKnownFileType = sourcecode.swift; path = RegisterViewModel.swift; sourceTree = "<group>"; };
		AE7B603D2C85EBF100D17519 /* ApplicantDetailView.swift */ = {isa = PBXFileReference; lastKnownFileType = sourcecode.swift; path = ApplicantDetailView.swift; sourceTree = "<group>"; };
		AE7B603F2C85EE9400D17519 /* isFavoriteView.swift */ = {isa = PBXFileReference; lastKnownFileType = sourcecode.swift; path = isFavoriteView.swift; sourceTree = "<group>"; };
		AE7B60422C85F46600D17519 /* ApplicantListRowView.swift */ = {isa = PBXFileReference; lastKnownFileType = sourcecode.swift; path = ApplicantListRowView.swift; sourceTree = "<group>"; };
		AEDF44F92C7CCF2800435314 /* ApplicantListView.swift */ = {isa = PBXFileReference; lastKnownFileType = sourcecode.swift; path = ApplicantListView.swift; sourceTree = "<group>"; };
		AEDF44FB2C7CCF3E00435314 /* ApplicantListViewModel.swift */ = {isa = PBXFileReference; lastKnownFileType = sourcecode.swift; path = ApplicantListViewModel.swift; sourceTree = "<group>"; };
/* End PBXFileReference section */

/* Begin PBXFileSystemSynchronizedRootGroup section */
		AE1A48F42C9B0F9000E55FFC /* VitesseTests */ = {isa = PBXFileSystemSynchronizedRootGroup; explicitFileTypes = {}; explicitFolders = (); path = VitesseTests; sourceTree = "<group>"; };
/* End PBXFileSystemSynchronizedRootGroup section */

/* Begin PBXFrameworksBuildPhase section */
		AE1A48F02C9B0F9000E55FFC /* Frameworks */ = {
			isa = PBXFrameworksBuildPhase;
			buildActionMask = 2147483647;
			files = (
			);
			runOnlyForDeploymentPostprocessing = 0;
		};
		AE50F5D12C738F6300C67C4A /* Frameworks */ = {
			isa = PBXFrameworksBuildPhase;
			buildActionMask = 2147483647;
			files = (
				AE36CB2C2C89E25E0038E4D5 /* VitesseNetworking.framework in Frameworks */,
				AE36CB042C89DDAF0038E4D5 /* VitesseModels.framework in Frameworks */,
			);
			runOnlyForDeploymentPostprocessing = 0;
		};
/* End PBXFrameworksBuildPhase section */

/* Begin PBXGroup section */
		AE1270BE2C9889B800E48262 /* Utils */ = {
			isa = PBXGroup;
			children = (
				AE1270BF2C9889DC00E48262 /* Color+Extensions.swift */,
			);
			path = Utils;
			sourceTree = "<group>";
		};
		AE1270C52C9893B100E48262 /* Fonts */ = {
			isa = PBXGroup;
			children = (
				AE1270CF2C989C2500E48262 /* Outfit-VariableFont_wght.ttf */,
				AE1270CD2C98985400E48262 /* Allura-Regular.ttf */,
			);
			path = Fonts;
			sourceTree = "<group>";
		};
		AE36CADB2C89D6410038E4D5 /* Resources */ = {
			isa = PBXGroup;
			children = (
				AE1270C82C9894A800E48262 /* Vitesse-Info.plist */,
				AE1270C52C9893B100E48262 /* Fonts */,
				AE1270BE2C9889B800E48262 /* Utils */,
				AE50F5DD2C738F6500C67C4A /* Preview Content */,
				AE50F5DB2C738F6500C67C4A /* Assets.xcassets */,
			);
			path = Resources;
			sourceTree = "<group>";
		};
		AE36CB022C89DDAF0038E4D5 /* Frameworks */ = {
			isa = PBXGroup;
			children = (
				AE36CB2B2C89E25E0038E4D5 /* VitesseNetworking.framework */,
				AE36CB032C89DDAF0038E4D5 /* VitesseModels.framework */,
			);
			name = Frameworks;
			sourceTree = "<group>";
		};
		AE50F5CB2C738F6300C67C4A = {
			isa = PBXGroup;
			children = (
				AE36CADB2C89D6410038E4D5 /* Resources */,
				AE50F5D62C738F6300C67C4A /* Sources */,
				AE1A48F42C9B0F9000E55FFC /* VitesseTests */,
				AE50F5D52C738F6300C67C4A /* Products */,
				AE36CB022C89DDAF0038E4D5 /* Frameworks */,
			);
			sourceTree = "<group>";
		};
		AE50F5D52C738F6300C67C4A /* Products */ = {
			isa = PBXGroup;
			children = (
				AE50F5D42C738F6300C67C4A /* Vitesse.app */,
				AE1A48F32C9B0F9000E55FFC /* VitesseTests.xctest */,
			);
			name = Products;
			sourceTree = "<group>";
		};
		AE50F5D62C738F6300C67C4A /* Sources */ = {
			isa = PBXGroup;
			children = (
				AE50F5D72C738F6300C67C4A /* VitesseApp.swift */,
				AE50F5E62C73901700C67C4A /* ViewModels */,
				AE50F5E52C738FED00C67C4A /* Views */,
			);
			path = Sources;
			sourceTree = "<group>";
		};
		AE50F5DD2C738F6500C67C4A /* Preview Content */ = {
			isa = PBXGroup;
			children = (
				AE50F5DE2C738F6500C67C4A /* Preview Assets.xcassets */,
			);
			path = "Preview Content";
			sourceTree = "<group>";
		};
		AE50F5E52C738FED00C67C4A /* Views */ = {
			isa = PBXGroup;
			children = (
				AE7B60412C85EE9A00D17519 /* Utilities */,
				AE50F5EA2C73913600C67C4A /* LoginView.swift */,
				AE50F5F02C73B8B200C67C4A /* RegisterView.swift */,
				AEDF44F92C7CCF2800435314 /* ApplicantListView.swift */,
				AE7B603D2C85EBF100D17519 /* ApplicantDetailView.swift */,
			);
			path = Views;
			sourceTree = "<group>";
		};
		AE50F5E62C73901700C67C4A /* ViewModels */ = {
			isa = PBXGroup;
			children = (
				AE50F5EC2C7391C900C67C4A /* LoginViewModel.swift */,
				AE50F5F22C73B8F400C67C4A /* RegisterViewModel.swift */,
				AEDF44FB2C7CCF3E00435314 /* ApplicantListViewModel.swift */,
				AE36CAD92C88AB9C0038E4D5 /* ApplicantDetailViewModel.swift */,
			);
			path = ViewModels;
			sourceTree = "<group>";
		};
		AE7B60412C85EE9A00D17519 /* Utilities */ = {
			isa = PBXGroup;
			children = (
				AE7B603F2C85EE9400D17519 /* isFavoriteView.swift */,
				AE7B60422C85F46600D17519 /* ApplicantListRowView.swift */,
				AE1270C32C9892D700E48262 /* SplashScreenView.swift */,
			);
			path = Utilities;
			sourceTree = "<group>";
		};
/* End PBXGroup section */

/* Begin PBXNativeTarget section */
		AE1A48F22C9B0F9000E55FFC /* VitesseTests */ = {
			isa = PBXNativeTarget;
			buildConfigurationList = AE1A48FB2C9B0F9000E55FFC /* Build configuration list for PBXNativeTarget "VitesseTests" */;
			buildPhases = (
				AE1A48EF2C9B0F9000E55FFC /* Sources */,
				AE1A48F02C9B0F9000E55FFC /* Frameworks */,
				AE1A48F12C9B0F9000E55FFC /* Resources */,
			);
			buildRules = (
			);
			dependencies = (
				AE1A48F82C9B0F9000E55FFC /* PBXTargetDependency */,
			);
			fileSystemSynchronizedGroups = (
				AE1A48F42C9B0F9000E55FFC /* VitesseTests */,
			);
			name = VitesseTests;
			packageProductDependencies = (
			);
			productName = VitesseTests;
			productReference = AE1A48F32C9B0F9000E55FFC /* VitesseTests.xctest */;
			productType = "com.apple.product-type.bundle.unit-test";
		};
		AE50F5D32C738F6300C67C4A /* Vitesse */ = {
			isa = PBXNativeTarget;
			buildConfigurationList = AE50F5E22C738F6500C67C4A /* Build configuration list for PBXNativeTarget "Vitesse" */;
			buildPhases = (
				AE50F5D02C738F6300C67C4A /* Sources */,
				AE50F5D12C738F6300C67C4A /* Frameworks */,
				AE50F5D22C738F6300C67C4A /* Resources */,
				AE36CB062C89DDAF0038E4D5 /* Embed Frameworks */,
			);
			buildRules = (
			);
			dependencies = (
			);
			name = Vitesse;
			productName = Vitesse;
			productReference = AE50F5D42C738F6300C67C4A /* Vitesse.app */;
			productType = "com.apple.product-type.application";
		};
/* End PBXNativeTarget section */

/* Begin PBXProject section */
		AE50F5CC2C738F6300C67C4A /* Project object */ = {
			isa = PBXProject;
			attributes = {
				BuildIndependentTargetsInParallel = 1;
				LastSwiftUpdateCheck = 1600;
				LastUpgradeCheck = 1540;
				TargetAttributes = {
					AE1A48F22C9B0F9000E55FFC = {
						CreatedOnToolsVersion = 16.0;
						LastSwiftMigration = 1600;
						TestTargetID = AE50F5D32C738F6300C67C4A;
					};
					AE50F5D32C738F6300C67C4A = {
						CreatedOnToolsVersion = 15.4;
					};
				};
			};
			buildConfigurationList = AE50F5CF2C738F6300C67C4A /* Build configuration list for PBXProject "Vitesse" */;
			compatibilityVersion = "Xcode 14.0";
			developmentRegion = en;
			hasScannedForEncodings = 0;
			knownRegions = (
				en,
				Base,
			);
			mainGroup = AE50F5CB2C738F6300C67C4A;
			productRefGroup = AE50F5D52C738F6300C67C4A /* Products */;
			projectDirPath = "";
			projectRoot = "";
			targets = (
				AE50F5D32C738F6300C67C4A /* Vitesse */,
				AE1A48F22C9B0F9000E55FFC /* VitesseTests */,
			);
		};
/* End PBXProject section */

/* Begin PBXResourcesBuildPhase section */
		AE1A48F12C9B0F9000E55FFC /* Resources */ = {
			isa = PBXResourcesBuildPhase;
			buildActionMask = 2147483647;
			files = (
			);
			runOnlyForDeploymentPostprocessing = 0;
		};
		AE50F5D22C738F6300C67C4A /* Resources */ = {
			isa = PBXResourcesBuildPhase;
			buildActionMask = 2147483647;
			files = (
				AE1270CE2C98985400E48262 /* Allura-Regular.ttf in Resources */,
				AE50F5DF2C738F6500C67C4A /* Preview Assets.xcassets in Resources */,
				AE1270D02C989C2600E48262 /* Outfit-VariableFont_wght.ttf in Resources */,
				AE50F5DC2C738F6500C67C4A /* Assets.xcassets in Resources */,
			);
			runOnlyForDeploymentPostprocessing = 0;
		};
/* End PBXResourcesBuildPhase section */

/* Begin PBXSourcesBuildPhase section */
		AE1A48EF2C9B0F9000E55FFC /* Sources */ = {
			isa = PBXSourcesBuildPhase;
			buildActionMask = 2147483647;
			files = (
			);
			runOnlyForDeploymentPostprocessing = 0;
		};
		AE50F5D02C738F6300C67C4A /* Sources */ = {
			isa = PBXSourcesBuildPhase;
			buildActionMask = 2147483647;
			files = (
				AE50F5EB2C73913600C67C4A /* LoginView.swift in Sources */,
				AE1270C42C9892D700E48262 /* SplashScreenView.swift in Sources */,
				AE50F5F32C73B8F400C67C4A /* RegisterViewModel.swift in Sources */,
				AE50F5F12C73B8B200C67C4A /* RegisterView.swift in Sources */,
				AE36CADA2C88AB9C0038E4D5 /* ApplicantDetailViewModel.swift in Sources */,
				AE50F5D82C738F6300C67C4A /* VitesseApp.swift in Sources */,
				AE7B603E2C85EBF100D17519 /* ApplicantDetailView.swift in Sources */,
				AEDF44FA2C7CCF2800435314 /* ApplicantListView.swift in Sources */,
				AE7B60402C85EE9400D17519 /* isFavoriteView.swift in Sources */,
				AE50F5ED2C7391C900C67C4A /* LoginViewModel.swift in Sources */,
				AEDF44FC2C7CCF3E00435314 /* ApplicantListViewModel.swift in Sources */,
				AE7B60432C85F46600D17519 /* ApplicantListRowView.swift in Sources */,
				AE1270C02C9889DC00E48262 /* Color+Extensions.swift in Sources */,
			);
			runOnlyForDeploymentPostprocessing = 0;
		};
/* End PBXSourcesBuildPhase section */

/* Begin PBXTargetDependency section */
		AE1A48F82C9B0F9000E55FFC /* PBXTargetDependency */ = {
			isa = PBXTargetDependency;
			target = AE50F5D32C738F6300C67C4A /* Vitesse */;
			targetProxy = AE1A48F72C9B0F9000E55FFC /* PBXContainerItemProxy */;
		};
/* End PBXTargetDependency section */

/* Begin XCBuildConfiguration section */
		AE1A48F92C9B0F9000E55FFC /* Debug */ = {
			isa = XCBuildConfiguration;
			buildSettings = {
				BUNDLE_LOADER = "$(TEST_HOST)";
				CLANG_ENABLE_MODULES = YES;
				CODE_SIGN_STYLE = Automatic;
				CURRENT_PROJECT_VERSION = 1;
				DEVELOPMENT_TEAM = FQJ5XK4959;
				GENERATE_INFOPLIST_FILE = YES;
				IPHONEOS_DEPLOYMENT_TARGET = 18.0;
				MARKETING_VERSION = 1.0;
				PRODUCT_BUNDLE_IDENTIFIER = com.openclassrooms.VitesseTests;
				PRODUCT_NAME = "$(TARGET_NAME)";
				SWIFT_EMIT_LOC_STRINGS = NO;
				SWIFT_OPTIMIZATION_LEVEL = "-Onone";
				SWIFT_VERSION = 5.0;
				TARGETED_DEVICE_FAMILY = "1,2";
				TEST_HOST = "$(BUILT_PRODUCTS_DIR)/Vitesse.app/$(BUNDLE_EXECUTABLE_FOLDER_PATH)/Vitesse";
			};
			name = Debug;
		};
		AE1A48FA2C9B0F9000E55FFC /* Release */ = {
			isa = XCBuildConfiguration;
			buildSettings = {
				BUNDLE_LOADER = "$(TEST_HOST)";
				CLANG_ENABLE_MODULES = YES;
				CODE_SIGN_STYLE = Automatic;
				CURRENT_PROJECT_VERSION = 1;
				DEVELOPMENT_TEAM = FQJ5XK4959;
				GENERATE_INFOPLIST_FILE = YES;
				IPHONEOS_DEPLOYMENT_TARGET = 18.0;
				MARKETING_VERSION = 1.0;
				PRODUCT_BUNDLE_IDENTIFIER = com.openclassrooms.VitesseTests;
				PRODUCT_NAME = "$(TARGET_NAME)";
				SWIFT_EMIT_LOC_STRINGS = NO;
				SWIFT_VERSION = 5.0;
				TARGETED_DEVICE_FAMILY = "1,2";
				TEST_HOST = "$(BUILT_PRODUCTS_DIR)/Vitesse.app/$(BUNDLE_EXECUTABLE_FOLDER_PATH)/Vitesse";
			};
			name = Release;
		};
		AE50F5E02C738F6500C67C4A /* Debug */ = {
			isa = XCBuildConfiguration;
			buildSettings = {
				ALWAYS_SEARCH_USER_PATHS = NO;
				ASSETCATALOG_COMPILER_GENERATE_SWIFT_ASSET_SYMBOL_EXTENSIONS = YES;
				CLANG_ANALYZER_NONNULL = YES;
				CLANG_ANALYZER_NUMBER_OBJECT_CONVERSION = YES_AGGRESSIVE;
				CLANG_CXX_LANGUAGE_STANDARD = "gnu++20";
				CLANG_ENABLE_MODULES = YES;
				CLANG_ENABLE_OBJC_ARC = YES;
				CLANG_ENABLE_OBJC_WEAK = YES;
				CLANG_WARN_BLOCK_CAPTURE_AUTORELEASING = YES;
				CLANG_WARN_BOOL_CONVERSION = YES;
				CLANG_WARN_COMMA = YES;
				CLANG_WARN_CONSTANT_CONVERSION = YES;
				CLANG_WARN_DEPRECATED_OBJC_IMPLEMENTATIONS = YES;
				CLANG_WARN_DIRECT_OBJC_ISA_USAGE = YES_ERROR;
				CLANG_WARN_DOCUMENTATION_COMMENTS = YES;
				CLANG_WARN_EMPTY_BODY = YES;
				CLANG_WARN_ENUM_CONVERSION = YES;
				CLANG_WARN_INFINITE_RECURSION = YES;
				CLANG_WARN_INT_CONVERSION = YES;
				CLANG_WARN_NON_LITERAL_NULL_CONVERSION = YES;
				CLANG_WARN_OBJC_IMPLICIT_RETAIN_SELF = YES;
				CLANG_WARN_OBJC_LITERAL_CONVERSION = YES;
				CLANG_WARN_OBJC_ROOT_CLASS = YES_ERROR;
				CLANG_WARN_QUOTED_INCLUDE_IN_FRAMEWORK_HEADER = YES;
				CLANG_WARN_RANGE_LOOP_ANALYSIS = YES;
				CLANG_WARN_STRICT_PROTOTYPES = YES;
				CLANG_WARN_SUSPICIOUS_MOVE = YES;
				CLANG_WARN_UNGUARDED_AVAILABILITY = YES_AGGRESSIVE;
				CLANG_WARN_UNREACHABLE_CODE = YES;
				CLANG_WARN__DUPLICATE_METHOD_MATCH = YES;
				COPY_PHASE_STRIP = NO;
				DEBUG_INFORMATION_FORMAT = dwarf;
				ENABLE_STRICT_OBJC_MSGSEND = YES;
				ENABLE_TESTABILITY = YES;
				ENABLE_USER_SCRIPT_SANDBOXING = YES;
				GCC_C_LANGUAGE_STANDARD = gnu17;
				GCC_DYNAMIC_NO_PIC = NO;
				GCC_NO_COMMON_BLOCKS = YES;
				GCC_OPTIMIZATION_LEVEL = 0;
				GCC_PREPROCESSOR_DEFINITIONS = (
					"DEBUG=1",
					"$(inherited)",
				);
				GCC_WARN_64_TO_32_BIT_CONVERSION = YES;
				GCC_WARN_ABOUT_RETURN_TYPE = YES_ERROR;
				GCC_WARN_UNDECLARED_SELECTOR = YES;
				GCC_WARN_UNINITIALIZED_AUTOS = YES_AGGRESSIVE;
				GCC_WARN_UNUSED_FUNCTION = YES;
				GCC_WARN_UNUSED_VARIABLE = YES;
				IPHONEOS_DEPLOYMENT_TARGET = 17.5;
				LOCALIZATION_PREFERS_STRING_CATALOGS = YES;
				MTL_ENABLE_DEBUG_INFO = INCLUDE_SOURCE;
				MTL_FAST_MATH = YES;
				ONLY_ACTIVE_ARCH = YES;
				SDKROOT = iphoneos;
				SWIFT_ACTIVE_COMPILATION_CONDITIONS = "DEBUG $(inherited)";
				SWIFT_OPTIMIZATION_LEVEL = "-Onone";
			};
			name = Debug;
		};
		AE50F5E12C738F6500C67C4A /* Release */ = {
			isa = XCBuildConfiguration;
			buildSettings = {
				ALWAYS_SEARCH_USER_PATHS = NO;
				ASSETCATALOG_COMPILER_GENERATE_SWIFT_ASSET_SYMBOL_EXTENSIONS = YES;
				CLANG_ANALYZER_NONNULL = YES;
				CLANG_ANALYZER_NUMBER_OBJECT_CONVERSION = YES_AGGRESSIVE;
				CLANG_CXX_LANGUAGE_STANDARD = "gnu++20";
				CLANG_ENABLE_MODULES = YES;
				CLANG_ENABLE_OBJC_ARC = YES;
				CLANG_ENABLE_OBJC_WEAK = YES;
				CLANG_WARN_BLOCK_CAPTURE_AUTORELEASING = YES;
				CLANG_WARN_BOOL_CONVERSION = YES;
				CLANG_WARN_COMMA = YES;
				CLANG_WARN_CONSTANT_CONVERSION = YES;
				CLANG_WARN_DEPRECATED_OBJC_IMPLEMENTATIONS = YES;
				CLANG_WARN_DIRECT_OBJC_ISA_USAGE = YES_ERROR;
				CLANG_WARN_DOCUMENTATION_COMMENTS = YES;
				CLANG_WARN_EMPTY_BODY = YES;
				CLANG_WARN_ENUM_CONVERSION = YES;
				CLANG_WARN_INFINITE_RECURSION = YES;
				CLANG_WARN_INT_CONVERSION = YES;
				CLANG_WARN_NON_LITERAL_NULL_CONVERSION = YES;
				CLANG_WARN_OBJC_IMPLICIT_RETAIN_SELF = YES;
				CLANG_WARN_OBJC_LITERAL_CONVERSION = YES;
				CLANG_WARN_OBJC_ROOT_CLASS = YES_ERROR;
				CLANG_WARN_QUOTED_INCLUDE_IN_FRAMEWORK_HEADER = YES;
				CLANG_WARN_RANGE_LOOP_ANALYSIS = YES;
				CLANG_WARN_STRICT_PROTOTYPES = YES;
				CLANG_WARN_SUSPICIOUS_MOVE = YES;
				CLANG_WARN_UNGUARDED_AVAILABILITY = YES_AGGRESSIVE;
				CLANG_WARN_UNREACHABLE_CODE = YES;
				CLANG_WARN__DUPLICATE_METHOD_MATCH = YES;
				COPY_PHASE_STRIP = NO;
				DEBUG_INFORMATION_FORMAT = "dwarf-with-dsym";
				ENABLE_NS_ASSERTIONS = NO;
				ENABLE_STRICT_OBJC_MSGSEND = YES;
				ENABLE_USER_SCRIPT_SANDBOXING = YES;
				GCC_C_LANGUAGE_STANDARD = gnu17;
				GCC_NO_COMMON_BLOCKS = YES;
				GCC_WARN_64_TO_32_BIT_CONVERSION = YES;
				GCC_WARN_ABOUT_RETURN_TYPE = YES_ERROR;
				GCC_WARN_UNDECLARED_SELECTOR = YES;
				GCC_WARN_UNINITIALIZED_AUTOS = YES_AGGRESSIVE;
				GCC_WARN_UNUSED_FUNCTION = YES;
				GCC_WARN_UNUSED_VARIABLE = YES;
				IPHONEOS_DEPLOYMENT_TARGET = 17.5;
				LOCALIZATION_PREFERS_STRING_CATALOGS = YES;
				MTL_ENABLE_DEBUG_INFO = NO;
				MTL_FAST_MATH = YES;
				SDKROOT = iphoneos;
				SWIFT_COMPILATION_MODE = wholemodule;
				VALIDATE_PRODUCT = YES;
			};
			name = Release;
		};
		AE50F5E32C738F6500C67C4A /* Debug */ = {
			isa = XCBuildConfiguration;
			buildSettings = {
				ASSETCATALOG_COMPILER_APPICON_NAME = AppIcon;
				ASSETCATALOG_COMPILER_GLOBAL_ACCENT_COLOR_NAME = AccentColor;
				CODE_SIGN_STYLE = Automatic;
				CURRENT_PROJECT_VERSION = 1;
				DEVELOPMENT_ASSET_PATHS = "\"Resources/Preview Content\"";
				DEVELOPMENT_TEAM = FQJ5XK4959;
				ENABLE_PREVIEWS = YES;
				GENERATE_INFOPLIST_FILE = YES;
				INFOPLIST_FILE = "Vitesse-Info.plist";
				INFOPLIST_KEY_UIApplicationSceneManifest_Generation = YES;
				INFOPLIST_KEY_UIApplicationSupportsIndirectInputEvents = YES;
				INFOPLIST_KEY_UILaunchScreen_Generation = YES;
				INFOPLIST_KEY_UISupportedInterfaceOrientations_iPad = "UIInterfaceOrientationPortrait UIInterfaceOrientationPortraitUpsideDown UIInterfaceOrientationLandscapeLeft UIInterfaceOrientationLandscapeRight";
				INFOPLIST_KEY_UISupportedInterfaceOrientations_iPhone = "UIInterfaceOrientationPortrait UIInterfaceOrientationLandscapeLeft UIInterfaceOrientationLandscapeRight";
				IPHONEOS_DEPLOYMENT_TARGET = 17.5;
				LD_RUNPATH_SEARCH_PATHS = (
					"$(inherited)",
					"@executable_path/Frameworks",
				);
				MARKETING_VERSION = 1.0;
				PRODUCT_BUNDLE_IDENTIFIER = com.openclassrooms.Vitesse;
				PRODUCT_NAME = "$(TARGET_NAME)";
				SWIFT_EMIT_LOC_STRINGS = YES;
				SWIFT_VERSION = 5.0;
				TARGETED_DEVICE_FAMILY = "1,2";
			};
			name = Debug;
		};
		AE50F5E42C738F6500C67C4A /* Release */ = {
			isa = XCBuildConfiguration;
			buildSettings = {
				ASSETCATALOG_COMPILER_APPICON_NAME = AppIcon;
				ASSETCATALOG_COMPILER_GLOBAL_ACCENT_COLOR_NAME = AccentColor;
				CODE_SIGN_STYLE = Automatic;
				CURRENT_PROJECT_VERSION = 1;
				DEVELOPMENT_ASSET_PATHS = "\"Resources/Preview Content\"";
				DEVELOPMENT_TEAM = FQJ5XK4959;
				ENABLE_PREVIEWS = YES;
				GENERATE_INFOPLIST_FILE = YES;
				INFOPLIST_FILE = "Vitesse-Info.plist";
				INFOPLIST_KEY_UIApplicationSceneManifest_Generation = YES;
				INFOPLIST_KEY_UIApplicationSupportsIndirectInputEvents = YES;
				INFOPLIST_KEY_UILaunchScreen_Generation = YES;
				INFOPLIST_KEY_UISupportedInterfaceOrientations_iPad = "UIInterfaceOrientationPortrait UIInterfaceOrientationPortraitUpsideDown UIInterfaceOrientationLandscapeLeft UIInterfaceOrientationLandscapeRight";
				INFOPLIST_KEY_UISupportedInterfaceOrientations_iPhone = "UIInterfaceOrientationPortrait UIInterfaceOrientationLandscapeLeft UIInterfaceOrientationLandscapeRight";
				IPHONEOS_DEPLOYMENT_TARGET = 17.5;
				LD_RUNPATH_SEARCH_PATHS = (
					"$(inherited)",
					"@executable_path/Frameworks",
				);
				MARKETING_VERSION = 1.0;
				PRODUCT_BUNDLE_IDENTIFIER = com.openclassrooms.Vitesse;
				PRODUCT_NAME = "$(TARGET_NAME)";
				SWIFT_EMIT_LOC_STRINGS = YES;
				SWIFT_VERSION = 5.0;
				TARGETED_DEVICE_FAMILY = "1,2";
			};
			name = Release;
		};
/* End XCBuildConfiguration section */

/* Begin XCConfigurationList section */
		AE1A48FB2C9B0F9000E55FFC /* Build configuration list for PBXNativeTarget "VitesseTests" */ = {
			isa = XCConfigurationList;
			buildConfigurations = (
				AE1A48F92C9B0F9000E55FFC /* Debug */,
				AE1A48FA2C9B0F9000E55FFC /* Release */,
			);
			defaultConfigurationIsVisible = 0;
			defaultConfigurationName = Release;
		};
		AE50F5CF2C738F6300C67C4A /* Build configuration list for PBXProject "Vitesse" */ = {
			isa = XCConfigurationList;
			buildConfigurations = (
				AE50F5E02C738F6500C67C4A /* Debug */,
				AE50F5E12C738F6500C67C4A /* Release */,
			);
			defaultConfigurationIsVisible = 0;
			defaultConfigurationName = Release;
		};
		AE50F5E22C738F6500C67C4A /* Build configuration list for PBXNativeTarget "Vitesse" */ = {
			isa = XCConfigurationList;
			buildConfigurations = (
				AE50F5E32C738F6500C67C4A /* Debug */,
				AE50F5E42C738F6500C67C4A /* Release */,
			);
			defaultConfigurationIsVisible = 0;
			defaultConfigurationName = Release;
		};
/* End XCConfigurationList section */
	};
	rootObject = AE50F5CC2C738F6300C67C4A /* Project object */;
}
