// !$*UTF8*$!
{
	archiveVersion = 1;
	classes = {
	};
	objectVersion = 56;
	objects = {

/* Begin PBXBuildFile section */
		AE36CADA2C88AB9C0038E4D5 /* ApplicantDetailViewModel.swift in Sources */ = {isa = PBXBuildFile; fileRef = AE36CAD92C88AB9C0038E4D5 /* ApplicantDetailViewModel.swift */; };
		AE50F5D82C738F6300C67C4A /* VitesseApp.swift in Sources */ = {isa = PBXBuildFile; fileRef = AE50F5D72C738F6300C67C4A /* VitesseApp.swift */; };
		AE50F5DC2C738F6500C67C4A /* Assets.xcassets in Resources */ = {isa = PBXBuildFile; fileRef = AE50F5DB2C738F6500C67C4A /* Assets.xcassets */; };
		AE50F5DF2C738F6500C67C4A /* Preview Assets.xcassets in Resources */ = {isa = PBXBuildFile; fileRef = AE50F5DE2C738F6500C67C4A /* Preview Assets.xcassets */; };
		AE50F5EB2C73913600C67C4A /* LoginView.swift in Sources */ = {isa = PBXBuildFile; fileRef = AE50F5EA2C73913600C67C4A /* LoginView.swift */; };
		AE50F5ED2C7391C900C67C4A /* LoginViewModel.swift in Sources */ = {isa = PBXBuildFile; fileRef = AE50F5EC2C7391C900C67C4A /* LoginViewModel.swift */; };
		AE50F5F12C73B8B200C67C4A /* RegisterView.swift in Sources */ = {isa = PBXBuildFile; fileRef = AE50F5F02C73B8B200C67C4A /* RegisterView.swift */; };
		AE50F5F32C73B8F400C67C4A /* RegisterViewModel.swift in Sources */ = {isa = PBXBuildFile; fileRef = AE50F5F22C73B8F400C67C4A /* RegisterViewModel.swift */; };
		AE50F5F52C74F51D00C67C4A /* NetworkManager.swift in Sources */ = {isa = PBXBuildFile; fileRef = AE50F5F42C74F51D00C67C4A /* NetworkManager.swift */; };
		AE50F5F72C74F54600C67C4A /* AuthenticationService.swift in Sources */ = {isa = PBXBuildFile; fileRef = AE50F5F62C74F54600C67C4A /* AuthenticationService.swift */; };
		AE50F5F92C74F7DD00C67C4A /* AuthenticationRequest.swift in Sources */ = {isa = PBXBuildFile; fileRef = AE50F5F82C74F7DD00C67C4A /* AuthenticationRequest.swift */; };
		AE50F5FD2C74FCBD00C67C4A /* AuthenticationResponse.swift in Sources */ = {isa = PBXBuildFile; fileRef = AE50F5FC2C74FCBD00C67C4A /* AuthenticationResponse.swift */; };
		AE50F5FF2C75003B00C67C4A /* RegisterService.swift in Sources */ = {isa = PBXBuildFile; fileRef = AE50F5FE2C75003B00C67C4A /* RegisterService.swift */; };
		AE50F6012C7617AF00C67C4A /* RegisterRequest.swift in Sources */ = {isa = PBXBuildFile; fileRef = AE50F6002C7617AF00C67C4A /* RegisterRequest.swift */; };
		AE7B603E2C85EBF100D17519 /* ApplicantDetailView.swift in Sources */ = {isa = PBXBuildFile; fileRef = AE7B603D2C85EBF100D17519 /* ApplicantDetailView.swift */; };
		AE7B60402C85EE9400D17519 /* isFavoriteView.swift in Sources */ = {isa = PBXBuildFile; fileRef = AE7B603F2C85EE9400D17519 /* isFavoriteView.swift */; };
		AE7B60432C85F46600D17519 /* ApplicantListRowView.swift in Sources */ = {isa = PBXBuildFile; fileRef = AE7B60422C85F46600D17519 /* ApplicantListRowView.swift */; };
		AEDF44FA2C7CCF2800435314 /* ApplicantListView.swift in Sources */ = {isa = PBXBuildFile; fileRef = AEDF44F92C7CCF2800435314 /* ApplicantListView.swift */; };
		AEDF44FC2C7CCF3E00435314 /* ApplicantListViewModel.swift in Sources */ = {isa = PBXBuildFile; fileRef = AEDF44FB2C7CCF3E00435314 /* ApplicantListViewModel.swift */; };
		AEDF44FE2C7CCF5200435314 /* ApplicantService.swift in Sources */ = {isa = PBXBuildFile; fileRef = AEDF44FD2C7CCF5200435314 /* ApplicantService.swift */; };
		AEDF45002C7CD0B300435314 /* ApplicantDetail.swift in Sources */ = {isa = PBXBuildFile; fileRef = AEDF44FF2C7CD0B300435314 /* ApplicantDetail.swift */; };
		AEDF45042C80C2B700435314 /* ApplicationCreationRequest.swift in Sources */ = {isa = PBXBuildFile; fileRef = AEDF45032C80C2B700435314 /* ApplicationCreationRequest.swift */; };
/* End PBXBuildFile section */

/* Begin PBXFileReference section */
		AE36CAD92C88AB9C0038E4D5 /* ApplicantDetailViewModel.swift */ = {isa = PBXFileReference; lastKnownFileType = sourcecode.swift; path = ApplicantDetailViewModel.swift; sourceTree = "<group>"; };
		AE50F5D42C738F6300C67C4A /* Vitesse.app */ = {isa = PBXFileReference; explicitFileType = wrapper.application; includeInIndex = 0; path = Vitesse.app; sourceTree = BUILT_PRODUCTS_DIR; };
		AE50F5D72C738F6300C67C4A /* VitesseApp.swift */ = {isa = PBXFileReference; lastKnownFileType = sourcecode.swift; path = VitesseApp.swift; sourceTree = "<group>"; };
		AE50F5DB2C738F6500C67C4A /* Assets.xcassets */ = {isa = PBXFileReference; lastKnownFileType = folder.assetcatalog; path = Assets.xcassets; sourceTree = "<group>"; };
		AE50F5DE2C738F6500C67C4A /* Preview Assets.xcassets */ = {isa = PBXFileReference; lastKnownFileType = folder.assetcatalog; path = "Preview Assets.xcassets"; sourceTree = "<group>"; };
		AE50F5EA2C73913600C67C4A /* LoginView.swift */ = {isa = PBXFileReference; lastKnownFileType = sourcecode.swift; path = LoginView.swift; sourceTree = "<group>"; };
		AE50F5EC2C7391C900C67C4A /* LoginViewModel.swift */ = {isa = PBXFileReference; lastKnownFileType = sourcecode.swift; path = LoginViewModel.swift; sourceTree = "<group>"; };
		AE50F5F02C73B8B200C67C4A /* RegisterView.swift */ = {isa = PBXFileReference; lastKnownFileType = sourcecode.swift; path = RegisterView.swift; sourceTree = "<group>"; };
		AE50F5F22C73B8F400C67C4A /* RegisterViewModel.swift */ = {isa = PBXFileReference; lastKnownFileType = sourcecode.swift; path = RegisterViewModel.swift; sourceTree = "<group>"; };
		AE50F5F42C74F51D00C67C4A /* NetworkManager.swift */ = {isa = PBXFileReference; lastKnownFileType = sourcecode.swift; path = NetworkManager.swift; sourceTree = "<group>"; };
		AE50F5F62C74F54600C67C4A /* AuthenticationService.swift */ = {isa = PBXFileReference; lastKnownFileType = sourcecode.swift; path = AuthenticationService.swift; sourceTree = "<group>"; };
		AE50F5F82C74F7DD00C67C4A /* AuthenticationRequest.swift */ = {isa = PBXFileReference; lastKnownFileType = sourcecode.swift; path = AuthenticationRequest.swift; sourceTree = "<group>"; };
		AE50F5FC2C74FCBD00C67C4A /* AuthenticationResponse.swift */ = {isa = PBXFileReference; lastKnownFileType = sourcecode.swift; path = AuthenticationResponse.swift; sourceTree = "<group>"; };
		AE50F5FE2C75003B00C67C4A /* RegisterService.swift */ = {isa = PBXFileReference; lastKnownFileType = sourcecode.swift; path = RegisterService.swift; sourceTree = "<group>"; };
		AE50F6002C7617AF00C67C4A /* RegisterRequest.swift */ = {isa = PBXFileReference; lastKnownFileType = sourcecode.swift; path = RegisterRequest.swift; sourceTree = "<group>"; };
		AE7B603D2C85EBF100D17519 /* ApplicantDetailView.swift */ = {isa = PBXFileReference; lastKnownFileType = sourcecode.swift; path = ApplicantDetailView.swift; sourceTree = "<group>"; };
		AE7B603F2C85EE9400D17519 /* isFavoriteView.swift */ = {isa = PBXFileReference; lastKnownFileType = sourcecode.swift; path = isFavoriteView.swift; sourceTree = "<group>"; };
		AE7B60422C85F46600D17519 /* ApplicantListRowView.swift */ = {isa = PBXFileReference; lastKnownFileType = sourcecode.swift; path = ApplicantListRowView.swift; sourceTree = "<group>"; };
		AEDF44F92C7CCF2800435314 /* ApplicantListView.swift */ = {isa = PBXFileReference; lastKnownFileType = sourcecode.swift; path = ApplicantListView.swift; sourceTree = "<group>"; };
		AEDF44FB2C7CCF3E00435314 /* ApplicantListViewModel.swift */ = {isa = PBXFileReference; lastKnownFileType = sourcecode.swift; path = ApplicantListViewModel.swift; sourceTree = "<group>"; };
		AEDF44FD2C7CCF5200435314 /* ApplicantService.swift */ = {isa = PBXFileReference; lastKnownFileType = sourcecode.swift; path = ApplicantService.swift; sourceTree = "<group>"; };
		AEDF44FF2C7CD0B300435314 /* ApplicantDetail.swift */ = {isa = PBXFileReference; lastKnownFileType = sourcecode.swift; path = ApplicantDetail.swift; sourceTree = "<group>"; };
		AEDF45032C80C2B700435314 /* ApplicationCreationRequest.swift */ = {isa = PBXFileReference; lastKnownFileType = sourcecode.swift; path = ApplicationCreationRequest.swift; sourceTree = "<group>"; };
/* End PBXFileReference section */

/* Begin PBXFrameworksBuildPhase section */
		AE50F5D12C738F6300C67C4A /* Frameworks */ = {
			isa = PBXFrameworksBuildPhase;
			buildActionMask = 2147483647;
			files = (
			);
			runOnlyForDeploymentPostprocessing = 0;
		};
/* End PBXFrameworksBuildPhase section */

/* Begin PBXGroup section */
		AE50F5CB2C738F6300C67C4A = {
			isa = PBXGroup;
			children = (
				AE50F5D62C738F6300C67C4A /* Vitesse */,
				AE50F5D52C738F6300C67C4A /* Products */,
			);
			sourceTree = "<group>";
		};
		AE50F5D52C738F6300C67C4A /* Products */ = {
			isa = PBXGroup;
			children = (
				AE50F5D42C738F6300C67C4A /* Vitesse.app */,
			);
			name = Products;
			sourceTree = "<group>";
		};
		AE50F5D62C738F6300C67C4A /* Vitesse */ = {
			isa = PBXGroup;
			children = (
				AE50F5DB2C738F6500C67C4A /* Assets.xcassets */,
				AE50F5D72C738F6300C67C4A /* VitesseApp.swift */,
				AE50F5E92C73905200C67C4A /* Managers */,
				AE50F5E72C73904400C67C4A /* Models */,
				AE50F5DD2C738F6500C67C4A /* Preview Content */,
				AE50F5E82C73904900C67C4A /* Services */,
				AE50F5E62C73901700C67C4A /* ViewModels */,
				AE50F5E52C738FED00C67C4A /* Views */,
			);
			path = Vitesse;
			sourceTree = "<group>";
		};
		AE50F5DD2C738F6500C67C4A /* Preview Content */ = {
			isa = PBXGroup;
			children = (
				AE50F5DE2C738F6500C67C4A /* Preview Assets.xcassets */,
			);
			path = "Preview Content";
			sourceTree = "<group>";
		};
		AE50F5E52C738FED00C67C4A /* Views */ = {
			isa = PBXGroup;
			children = (
				AE7B60412C85EE9A00D17519 /* Utilities */,
				AE50F5EA2C73913600C67C4A /* LoginView.swift */,
				AE50F5F02C73B8B200C67C4A /* RegisterView.swift */,
				AEDF44F92C7CCF2800435314 /* ApplicantListView.swift */,
				AE7B603D2C85EBF100D17519 /* ApplicantDetailView.swift */,
			);
			path = Views;
			sourceTree = "<group>";
		};
		AE50F5E62C73901700C67C4A /* ViewModels */ = {
			isa = PBXGroup;
			children = (
				AE50F5EC2C7391C900C67C4A /* LoginViewModel.swift */,
				AE50F5F22C73B8F400C67C4A /* RegisterViewModel.swift */,
				AEDF44FB2C7CCF3E00435314 /* ApplicantListViewModel.swift */,
				AE36CAD92C88AB9C0038E4D5 /* ApplicantDetailViewModel.swift */,
			);
			path = ViewModels;
			sourceTree = "<group>";
		};
		AE50F5E72C73904400C67C4A /* Models */ = {
			isa = PBXGroup;
			children = (
				AE50F5F82C74F7DD00C67C4A /* AuthenticationRequest.swift */,
				AE50F5FC2C74FCBD00C67C4A /* AuthenticationResponse.swift */,
				AE50F6002C7617AF00C67C4A /* RegisterRequest.swift */,
				AEDF44FF2C7CD0B300435314 /* ApplicantDetail.swift */,
				AEDF45032C80C2B700435314 /* ApplicationCreationRequest.swift */,
			);
			path = Models;
			sourceTree = "<group>";
		};
		AE50F5E82C73904900C67C4A /* Services */ = {
			isa = PBXGroup;
			children = (
				AE50F5F62C74F54600C67C4A /* AuthenticationService.swift */,
				AE50F5FE2C75003B00C67C4A /* RegisterService.swift */,
				AEDF44FD2C7CCF5200435314 /* ApplicantService.swift */,
			);
			path = Services;
			sourceTree = "<group>";
		};
		AE50F5E92C73905200C67C4A /* Managers */ = {
			isa = PBXGroup;
			children = (
				AE50F5F42C74F51D00C67C4A /* NetworkManager.swift */,
			);
			path = Managers;
			sourceTree = "<group>";
		};
		AE7B60412C85EE9A00D17519 /* Utilities */ = {
			isa = PBXGroup;
			children = (
				AE7B603F2C85EE9400D17519 /* isFavoriteView.swift */,
				AE7B60422C85F46600D17519 /* ApplicantListRowView.swift */,
			);
			path = Utilities;
			sourceTree = "<group>";
		};
/* End PBXGroup section */

/* Begin PBXNativeTarget section */
		AE50F5D32C738F6300C67C4A /* Vitesse */ = {
			isa = PBXNativeTarget;
			buildConfigurationList = AE50F5E22C738F6500C67C4A /* Build configuration list for PBXNativeTarget "Vitesse" */;
			buildPhases = (
				AE50F5D02C738F6300C67C4A /* Sources */,
				AE50F5D12C738F6300C67C4A /* Frameworks */,
				AE50F5D22C738F6300C67C4A /* Resources */,
			);
			buildRules = (
			);
			dependencies = (
			);
			name = Vitesse;
			productName = Vitesse;
			productReference = AE50F5D42C738F6300C67C4A /* Vitesse.app */;
			productType = "com.apple.product-type.application";
		};
/* End PBXNativeTarget section */

/* Begin PBXProject section */
		AE50F5CC2C738F6300C67C4A /* Project object */ = {
			isa = PBXProject;
			attributes = {
				BuildIndependentTargetsInParallel = 1;
				LastSwiftUpdateCheck = 1540;
				LastUpgradeCheck = 1540;
				TargetAttributes = {
					AE50F5D32C738F6300C67C4A = {
						CreatedOnToolsVersion = 15.4;
					};
				};
			};
			buildConfigurationList = AE50F5CF2C738F6300C67C4A /* Build configuration list for PBXProject "Vitesse" */;
			compatibilityVersion = "Xcode 14.0";
			developmentRegion = en;
			hasScannedForEncodings = 0;
			knownRegions = (
				en,
				Base,
			);
			mainGroup = AE50F5CB2C738F6300C67C4A;
			productRefGroup = AE50F5D52C738F6300C67C4A /* Products */;
			projectDirPath = "";
			projectRoot = "";
			targets = (
				AE50F5D32C738F6300C67C4A /* Vitesse */,
			);
		};
/* End PBXProject section */

/* Begin PBXResourcesBuildPhase section */
		AE50F5D22C738F6300C67C4A /* Resources */ = {
			isa = PBXResourcesBuildPhase;
			buildActionMask = 2147483647;
			files = (
				AE50F5DF2C738F6500C67C4A /* Preview Assets.xcassets in Resources */,
				AE50F5DC2C738F6500C67C4A /* Assets.xcassets in Resources */,
			);
			runOnlyForDeploymentPostprocessing = 0;
		};
/* End PBXResourcesBuildPhase section */

/* Begin PBXSourcesBuildPhase section */
		AE50F5D02C738F6300C67C4A /* Sources */ = {
			isa = PBXSourcesBuildPhase;
			buildActionMask = 2147483647;
			files = (
				AE50F5EB2C73913600C67C4A /* LoginView.swift in Sources */,
				AE50F6012C7617AF00C67C4A /* RegisterRequest.swift in Sources */,
				AE50F5F32C73B8F400C67C4A /* RegisterViewModel.swift in Sources */,
				AE50F5F12C73B8B200C67C4A /* RegisterView.swift in Sources */,
				AE36CADA2C88AB9C0038E4D5 /* ApplicantDetailViewModel.swift in Sources */,
				AE50F5F52C74F51D00C67C4A /* NetworkManager.swift in Sources */,
				AE50F5D82C738F6300C67C4A /* VitesseApp.swift in Sources */,
				AE7B603E2C85EBF100D17519 /* ApplicantDetailView.swift in Sources */,
				AE50F5FF2C75003B00C67C4A /* RegisterService.swift in Sources */,
				AEDF44FE2C7CCF5200435314 /* ApplicantService.swift in Sources */,
				AEDF44FA2C7CCF2800435314 /* ApplicantListView.swift in Sources */,
				AE7B60402C85EE9400D17519 /* isFavoriteView.swift in Sources */,
				AE50F5ED2C7391C900C67C4A /* LoginViewModel.swift in Sources */,
				AEDF45042C80C2B700435314 /* ApplicationCreationRequest.swift in Sources */,
				AE50F5F92C74F7DD00C67C4A /* AuthenticationRequest.swift in Sources */,
				AE50F5FD2C74FCBD00C67C4A /* AuthenticationResponse.swift in Sources */,
				AE50F5F72C74F54600C67C4A /* AuthenticationService.swift in Sources */,
				AEDF44FC2C7CCF3E00435314 /* ApplicantListViewModel.swift in Sources */,
				AE7B60432C85F46600D17519 /* ApplicantListRowView.swift in Sources */,
				AEDF45002C7CD0B300435314 /* ApplicantDetail.swift in Sources */,
			);
			runOnlyForDeploymentPostprocessing = 0;
		};
/* End PBXSourcesBuildPhase section */

/* Begin XCBuildConfiguration section */
		AE50F5E02C738F6500C67C4A /* Debug */ = {
			isa = XCBuildConfiguration;
			buildSettings = {
				ALWAYS_SEARCH_USER_PATHS = NO;
				ASSETCATALOG_COMPILER_GENERATE_SWIFT_ASSET_SYMBOL_EXTENSIONS = YES;
				CLANG_ANALYZER_NONNULL = YES;
				CLANG_ANALYZER_NUMBER_OBJECT_CONVERSION = YES_AGGRESSIVE;
				CLANG_CXX_LANGUAGE_STANDARD = "gnu++20";
				CLANG_ENABLE_MODULES = YES;
				CLANG_ENABLE_OBJC_ARC = YES;
				CLANG_ENABLE_OBJC_WEAK = YES;
				CLANG_WARN_BLOCK_CAPTURE_AUTORELEASING = YES;
				CLANG_WARN_BOOL_CONVERSION = YES;
				CLANG_WARN_COMMA = YES;
				CLANG_WARN_CONSTANT_CONVERSION = YES;
				CLANG_WARN_DEPRECATED_OBJC_IMPLEMENTATIONS = YES;
				CLANG_WARN_DIRECT_OBJC_ISA_USAGE = YES_ERROR;
				CLANG_WARN_DOCUMENTATION_COMMENTS = YES;
				CLANG_WARN_EMPTY_BODY = YES;
				CLANG_WARN_ENUM_CONVERSION = YES;
				CLANG_WARN_INFINITE_RECURSION = YES;
				CLANG_WARN_INT_CONVERSION = YES;
				CLANG_WARN_NON_LITERAL_NULL_CONVERSION = YES;
				CLANG_WARN_OBJC_IMPLICIT_RETAIN_SELF = YES;
				CLANG_WARN_OBJC_LITERAL_CONVERSION = YES;
				CLANG_WARN_OBJC_ROOT_CLASS = YES_ERROR;
				CLANG_WARN_QUOTED_INCLUDE_IN_FRAMEWORK_HEADER = YES;
				CLANG_WARN_RANGE_LOOP_ANALYSIS = YES;
				CLANG_WARN_STRICT_PROTOTYPES = YES;
				CLANG_WARN_SUSPICIOUS_MOVE = YES;
				CLANG_WARN_UNGUARDED_AVAILABILITY = YES_AGGRESSIVE;
				CLANG_WARN_UNREACHABLE_CODE = YES;
				CLANG_WARN__DUPLICATE_METHOD_MATCH = YES;
				COPY_PHASE_STRIP = NO;
				DEBUG_INFORMATION_FORMAT = dwarf;
				ENABLE_STRICT_OBJC_MSGSEND = YES;
				ENABLE_TESTABILITY = YES;
				ENABLE_USER_SCRIPT_SANDBOXING = YES;
				GCC_C_LANGUAGE_STANDARD = gnu17;
				GCC_DYNAMIC_NO_PIC = NO;
				GCC_NO_COMMON_BLOCKS = YES;
				GCC_OPTIMIZATION_LEVEL = 0;
				GCC_PREPROCESSOR_DEFINITIONS = (
					"DEBUG=1",
					"$(inherited)",
				);
				GCC_WARN_64_TO_32_BIT_CONVERSION = YES;
				GCC_WARN_ABOUT_RETURN_TYPE = YES_ERROR;
				GCC_WARN_UNDECLARED_SELECTOR = YES;
				GCC_WARN_UNINITIALIZED_AUTOS = YES_AGGRESSIVE;
				GCC_WARN_UNUSED_FUNCTION = YES;
				GCC_WARN_UNUSED_VARIABLE = YES;
				IPHONEOS_DEPLOYMENT_TARGET = 17.5;
				LOCALIZATION_PREFERS_STRING_CATALOGS = YES;
				MTL_ENABLE_DEBUG_INFO = INCLUDE_SOURCE;
				MTL_FAST_MATH = YES;
				ONLY_ACTIVE_ARCH = YES;
				SDKROOT = iphoneos;
				SWIFT_ACTIVE_COMPILATION_CONDITIONS = "DEBUG $(inherited)";
				SWIFT_OPTIMIZATION_LEVEL = "-Onone";
			};
			name = Debug;
		};
		AE50F5E12C738F6500C67C4A /* Release */ = {
			isa = XCBuildConfiguration;
			buildSettings = {
				ALWAYS_SEARCH_USER_PATHS = NO;
				ASSETCATALOG_COMPILER_GENERATE_SWIFT_ASSET_SYMBOL_EXTENSIONS = YES;
				CLANG_ANALYZER_NONNULL = YES;
				CLANG_ANALYZER_NUMBER_OBJECT_CONVERSION = YES_AGGRESSIVE;
				CLANG_CXX_LANGUAGE_STANDARD = "gnu++20";
				CLANG_ENABLE_MODULES = YES;
				CLANG_ENABLE_OBJC_ARC = YES;
				CLANG_ENABLE_OBJC_WEAK = YES;
				CLANG_WARN_BLOCK_CAPTURE_AUTORELEASING = YES;
				CLANG_WARN_BOOL_CONVERSION = YES;
				CLANG_WARN_COMMA = YES;
				CLANG_WARN_CONSTANT_CONVERSION = YES;
				CLANG_WARN_DEPRECATED_OBJC_IMPLEMENTATIONS = YES;
				CLANG_WARN_DIRECT_OBJC_ISA_USAGE = YES_ERROR;
				CLANG_WARN_DOCUMENTATION_COMMENTS = YES;
				CLANG_WARN_EMPTY_BODY = YES;
				CLANG_WARN_ENUM_CONVERSION = YES;
				CLANG_WARN_INFINITE_RECURSION = YES;
				CLANG_WARN_INT_CONVERSION = YES;
				CLANG_WARN_NON_LITERAL_NULL_CONVERSION = YES;
				CLANG_WARN_OBJC_IMPLICIT_RETAIN_SELF = YES;
				CLANG_WARN_OBJC_LITERAL_CONVERSION = YES;
				CLANG_WARN_OBJC_ROOT_CLASS = YES_ERROR;
				CLANG_WARN_QUOTED_INCLUDE_IN_FRAMEWORK_HEADER = YES;
				CLANG_WARN_RANGE_LOOP_ANALYSIS = YES;
				CLANG_WARN_STRICT_PROTOTYPES = YES;
				CLANG_WARN_SUSPICIOUS_MOVE = YES;
				CLANG_WARN_UNGUARDED_AVAILABILITY = YES_AGGRESSIVE;
				CLANG_WARN_UNREACHABLE_CODE = YES;
				CLANG_WARN__DUPLICATE_METHOD_MATCH = YES;
				COPY_PHASE_STRIP = NO;
				DEBUG_INFORMATION_FORMAT = "dwarf-with-dsym";
				ENABLE_NS_ASSERTIONS = NO;
				ENABLE_STRICT_OBJC_MSGSEND = YES;
				ENABLE_USER_SCRIPT_SANDBOXING = YES;
				GCC_C_LANGUAGE_STANDARD = gnu17;
				GCC_NO_COMMON_BLOCKS = YES;
				GCC_WARN_64_TO_32_BIT_CONVERSION = YES;
				GCC_WARN_ABOUT_RETURN_TYPE = YES_ERROR;
				GCC_WARN_UNDECLARED_SELECTOR = YES;
				GCC_WARN_UNINITIALIZED_AUTOS = YES_AGGRESSIVE;
				GCC_WARN_UNUSED_FUNCTION = YES;
				GCC_WARN_UNUSED_VARIABLE = YES;
				IPHONEOS_DEPLOYMENT_TARGET = 17.5;
				LOCALIZATION_PREFERS_STRING_CATALOGS = YES;
				MTL_ENABLE_DEBUG_INFO = NO;
				MTL_FAST_MATH = YES;
				SDKROOT = iphoneos;
				SWIFT_COMPILATION_MODE = wholemodule;
				VALIDATE_PRODUCT = YES;
			};
			name = Release;
		};
		AE50F5E32C738F6500C67C4A /* Debug */ = {
			isa = XCBuildConfiguration;
			buildSettings = {
				ASSETCATALOG_COMPILER_APPICON_NAME = AppIcon;
				ASSETCATALOG_COMPILER_GLOBAL_ACCENT_COLOR_NAME = AccentColor;
				CODE_SIGN_STYLE = Automatic;
				CURRENT_PROJECT_VERSION = 1;
				DEVELOPMENT_ASSET_PATHS = "\"Vitesse/Preview Content\"";
				DEVELOPMENT_TEAM = FQJ5XK4959;
				ENABLE_PREVIEWS = YES;
				GENERATE_INFOPLIST_FILE = YES;
				INFOPLIST_KEY_UIApplicationSceneManifest_Generation = YES;
				INFOPLIST_KEY_UIApplicationSupportsIndirectInputEvents = YES;
				INFOPLIST_KEY_UILaunchScreen_Generation = YES;
				INFOPLIST_KEY_UISupportedInterfaceOrientations_iPad = "UIInterfaceOrientationPortrait UIInterfaceOrientationPortraitUpsideDown UIInterfaceOrientationLandscapeLeft UIInterfaceOrientationLandscapeRight";
				INFOPLIST_KEY_UISupportedInterfaceOrientations_iPhone = "UIInterfaceOrientationPortrait UIInterfaceOrientationLandscapeLeft UIInterfaceOrientationLandscapeRight";
				LD_RUNPATH_SEARCH_PATHS = (
					"$(inherited)",
					"@executable_path/Frameworks",
				);
				MARKETING_VERSION = 1.0;
				PRODUCT_BUNDLE_IDENTIFIER = com.openclassrooms.Vitesse;
				PRODUCT_NAME = "$(TARGET_NAME)";
				SWIFT_EMIT_LOC_STRINGS = YES;
				SWIFT_VERSION = 5.0;
				TARGETED_DEVICE_FAMILY = "1,2";
			};
			name = Debug;
		};
		AE50F5E42C738F6500C67C4A /* Release */ = {
			isa = XCBuildConfiguration;
			buildSettings = {
				ASSETCATALOG_COMPILER_APPICON_NAME = AppIcon;
				ASSETCATALOG_COMPILER_GLOBAL_ACCENT_COLOR_NAME = AccentColor;
				CODE_SIGN_STYLE = Automatic;
				CURRENT_PROJECT_VERSION = 1;
				DEVELOPMENT_ASSET_PATHS = "\"Vitesse/Preview Content\"";
				DEVELOPMENT_TEAM = FQJ5XK4959;
				ENABLE_PREVIEWS = YES;
				GENERATE_INFOPLIST_FILE = YES;
				INFOPLIST_KEY_UIApplicationSceneManifest_Generation = YES;
				INFOPLIST_KEY_UIApplicationSupportsIndirectInputEvents = YES;
				INFOPLIST_KEY_UILaunchScreen_Generation = YES;
				INFOPLIST_KEY_UISupportedInterfaceOrientations_iPad = "UIInterfaceOrientationPortrait UIInterfaceOrientationPortraitUpsideDown UIInterfaceOrientationLandscapeLeft UIInterfaceOrientationLandscapeRight";
				INFOPLIST_KEY_UISupportedInterfaceOrientations_iPhone = "UIInterfaceOrientationPortrait UIInterfaceOrientationLandscapeLeft UIInterfaceOrientationLandscapeRight";
				LD_RUNPATH_SEARCH_PATHS = (
					"$(inherited)",
					"@executable_path/Frameworks",
				);
				MARKETING_VERSION = 1.0;
				PRODUCT_BUNDLE_IDENTIFIER = com.openclassrooms.Vitesse;
				PRODUCT_NAME = "$(TARGET_NAME)";
				SWIFT_EMIT_LOC_STRINGS = YES;
				SWIFT_VERSION = 5.0;
				TARGETED_DEVICE_FAMILY = "1,2";
			};
			name = Release;
		};
/* End XCBuildConfiguration section */

/* Begin XCConfigurationList section */
		AE50F5CF2C738F6300C67C4A /* Build configuration list for PBXProject "Vitesse" */ = {
			isa = XCConfigurationList;
			buildConfigurations = (
				AE50F5E02C738F6500C67C4A /* Debug */,
				AE50F5E12C738F6500C67C4A /* Release */,
			);
			defaultConfigurationIsVisible = 0;
			defaultConfigurationName = Release;
		};
		AE50F5E22C738F6500C67C4A /* Build configuration list for PBXNativeTarget "Vitesse" */ = {
			isa = XCConfigurationList;
			buildConfigurations = (
				AE50F5E32C738F6500C67C4A /* Debug */,
				AE50F5E42C738F6500C67C4A /* Release */,
			);
			defaultConfigurationIsVisible = 0;
			defaultConfigurationName = Release;
		};
/* End XCConfigurationList section */
	};
	rootObject = AE50F5CC2C738F6300C67C4A /* Project object */;
}
